// !$*UTF8*$!
{
	archiveVersion = 1;
	classes = {
	};
	objectVersion = 77;
	objects = {

/* Begin PBXContainerItemProxy section */
		77E6C02E3011A8E700407007 /* PBXContainerItemProxy */ = {
			isa = PBXContainerItemProxy;
			containerPortal = 77E6C0183011A8E500407007 /* Project object */;
			proxyType = 1;
			remoteGlobalIDString = 77E6C01F3011A8E500407007;
			remoteInfo = ChangeMe;
		};
		77E6C0383011A8E700407007 /* PBXContainerItemProxy */ = {
			isa = PBXContainerItemProxy;
			containerPortal = 77E6C0183011A8E500407007 /* Project object */;
			proxyType = 1;
			remoteGlobalIDString = 77E6C01F3011A8E500407007;
			remoteInfo = ChangeMe;
		};
		CMD0DEVICE00000000000007 /* PBXContainerItemProxy */ = {
			isa = PBXContainerItemProxy;
			containerPortal = 77E6C0183011A8E500407007 /* Project object */;
			proxyType = 1;
			remoteGlobalIDString = CMD0DEVICE00000000000005;
			remoteInfo = ChangeMeDevice;
		};
/* End PBXContainerItemProxy section */

/* Begin PBXFileReference section */
		77E6C0203011A8E500407007 /* ChangeMe.app */ = {isa = PBXFileReference; explicitFileType = wrapper.application; includeInIndex = 0; path = ChangeMe.app; sourceTree = BUILT_PRODUCTS_DIR; };
		77E6C02D3011A8E700407007 /* ChangeMeTests.xctest */ = {isa = PBXFileReference; explicitFileType = wrapper.cfbundle; includeInIndex = 0; path = ChangeMeTests.xctest; sourceTree = BUILT_PRODUCTS_DIR; };
		77E6C0373011A8E700407007 /* ChangeMeUITests.xctest */ = {isa = PBXFileReference; explicitFileType = wrapper.cfbundle; includeInIndex = 0; path = ChangeMeUITests.xctest; sourceTree = BUILT_PRODUCTS_DIR; };
		CMD0DEVICE00000000000001 /* ChangeMeDevice.app */ = {isa = PBXFileReference; explicitFileType = wrapper.application; includeInIndex = 0; path = ChangeMeDevice.app; sourceTree = BUILT_PRODUCTS_DIR; };
		CMD0DEVICE00000000000002 /* ChangeMeDeviceUITests.xctest */ = {isa = PBXFileReference; explicitFileType = wrapper.cfbundle; includeInIndex = 0; path = ChangeMeDeviceUITests.xctest; sourceTree = BUILT_PRODUCTS_DIR; };
/* End PBXFileReference section */

/* Begin PBXFileSystemSynchronizedRootGroup section */
		77E6C0223011A8E500407007 /* ChangeMe */ = {
			isa = PBXFileSystemSynchronizedRootGroup;
			path = ChangeMe;
			sourceTree = "<group>";
		};
		77E6C0303011A8E700407007 /* ChangeMeTests */ = {
			isa = PBXFileSystemSynchronizedRootGroup;
			path = ChangeMeTests;
			sourceTree = "<group>";
		};
		77E6C03A3011A8E700407007 /* ChangeMeUITests */ = {
			isa = PBXFileSystemSynchronizedRootGroup;
			path = ChangeMeUITests;
			sourceTree = "<group>";
		};
		CMD0DEVICE00000000000003 /* ChangeMeDevice */ = {
			isa = PBXFileSystemSynchronizedRootGroup;
			path = ChangeMeDevice;
			sourceTree = "<group>";
		};
		CMD0DEVICE00000000000004 /* ChangeMeDeviceUITests */ = {
			isa = PBXFileSystemSynchronizedRootGroup;
			path = ChangeMeDeviceUITests;
			sourceTree = "<group>";
		};
/* End PBXFileSystemSynchronizedRootGroup section */

/* Begin PBXFrameworksBuildPhase section */
		77E6C01D3011A8E500407007 /* Frameworks */ = {
			isa = PBXFrameworksBuildPhase;
			buildActionMask = 2147483647;
			files = (
			);
			runOnlyForDeploymentPostprocessing = 0;
		};
		77E6C02A3011A8E700407007 /* Frameworks */ = {
			isa = PBXFrameworksBuildPhase;
			buildActionMask = 2147483647;
			files = (
			);
			runOnlyForDeploymentPostprocessing = 0;
		};
		77E6C0343011A8E700407007 /* Frameworks */ = {
			isa = PBXFrameworksBuildPhase;
			buildActionMask = 2147483647;
			files = (
			);
			runOnlyForDeploymentPostprocessing = 0;
		};
		CMD0DEVICE0000000000000A /* Frameworks */ = {
			isa = PBXFrameworksBuildPhase;
			buildActionMask = 2147483647;
			files = (
			);
			runOnlyForDeploymentPostprocessing = 0;
		};
		CMD0DEVICE0000000000000D /* Frameworks */ = {
			isa = PBXFrameworksBuildPhase;
			buildActionMask = 2147483647;
			files = (
			);
			runOnlyForDeploymentPostprocessing = 0;
		};
/* End PBXFrameworksBuildPhase section */

/* Begin PBXGroup section */
		77E6C0173011A8E500407007 = {
			isa = PBXGroup;
			children = (
				77E6C0223011A8E500407007 /* ChangeMe */,
				77E6C0303011A8E700407007 /* ChangeMeTests */,
				77E6C03A3011A8E700407007 /* ChangeMeUITests */,
				CMD0DEVICE00000000000003 /* ChangeMeDevice */,
				CMD0DEVICE00000000000004 /* ChangeMeDeviceUITests */,
				77E6C0213011A8E500407007 /* Products */,
			);
			sourceTree = "<group>";
		};
		77E6C0213011A8E500407007 /* Products */ = {
			isa = PBXGroup;
			children = (
				77E6C0203011A8E500407007 /* ChangeMe.app */,
				77E6C02D3011A8E700407007 /* ChangeMeTests.xctest */,
				77E6C0373011A8E700407007 /* ChangeMeUITests.xctest */,
				CMD0DEVICE00000000000001 /* ChangeMeDevice.app */,
				CMD0DEVICE00000000000002 /* ChangeMeDeviceUITests.xctest */,
			);
			name = Products;
			sourceTree = "<group>";
		};
/* End PBXGroup section */

/* Begin PBXNativeTarget section */
		77E6C01F3011A8E500407007 /* ChangeMe */ = {
			isa = PBXNativeTarget;
			buildConfigurationList = 77E6C0413011A8E700407007 /* Build configuration list for PBXNativeTarget "ChangeMe" */;
			buildPhases = (
				77E6C01C3011A8E500407007 /* Sources */,
				77E6C01D3011A8E500407007 /* Frameworks */,
				77E6C01E3011A8E500407007 /* Resources */,
			);
			buildRules = (
			);
			dependencies = (
			);
			fileSystemSynchronizedGroups = (
				77E6C0223011A8E500407007 /* ChangeMe */,
			);
			name = ChangeMe;
			packageProductDependencies = (
			);
			productName = ChangeMe;
			productReference = 77E6C0203011A8E500407007 /* ChangeMe.app */;
			productType = "com.apple.product-type.application";
		};
		77E6C02C3011A8E700407007 /* ChangeMeTests */ = {
			isa = PBXNativeTarget;
			buildConfigurationList = 77E6C0443011A8E700407007 /* Build configuration list for PBXNativeTarget "ChangeMeTests" */;
			buildPhases = (
				77E6C0293011A8E700407007 /* Sources */,
				77E6C02A3011A8E700407007 /* Frameworks */,
				77E6C02B3011A8E700407007 /* Resources */,
			);
			buildRules = (
			);
			dependencies = (
				77E6C02F3011A8E700407007 /* PBXTargetDependency */,
			);
			fileSystemSynchronizedGroups = (
				77E6C0303011A8E700407007 /* ChangeMeTests */,
			);
			name = ChangeMeTests;
			packageProductDependencies = (
			);
			productName = ChangeMeTests;
			productReference = 77E6C02D3011A8E700407007 /* ChangeMeTests.xctest */;
			productType = "com.apple.product-type.bundle.unit-test";
		};
		77E6C0363011A8E700407007 /* ChangeMeUITests */ = {
			isa = PBXNativeTarget;
			buildConfigurationList = 77E6C0473011A8E700407007 /* Build configuration list for PBXNativeTarget "ChangeMeUITests" */;
			buildPhases = (
				77E6C0333011A8E700407007 /* Sources */,
				77E6C0343011A8E700407007 /* Frameworks */,
				77E6C0353011A8E700407007 /* Resources */,
			);
			buildRules = (
			);
			dependencies = (
				77E6C0393011A8E700407007 /* PBXTargetDependency */,
			);
			fileSystemSynchronizedGroups = (
				77E6C03A3011A8E700407007 /* ChangeMeUITests */,
			);
			name = ChangeMeUITests;
			packageProductDependencies = (
			);
			productName = ChangeMeUITests;
			productReference = 77E6C0373011A8E700407007 /* ChangeMeUITests.xctest */;
			productType = "com.apple.product-type.bundle.ui-testing";
		};
		CMD0DEVICE00000000000005 /* ChangeMeDevice */ = {
			isa = PBXNativeTarget;
			buildConfigurationList = CMD0DEVICE0000000000000F /* Build configuration list for PBXNativeTarget "ChangeMeDevice" */;
			buildPhases = (
				CMD0DEVICE00000000000009 /* Sources */,
				CMD0DEVICE0000000000000A /* Frameworks */,
				CMD0DEVICE0000000000000B /* Resources */,
			);
			buildRules = (
			);
			dependencies = (
			);
			fileSystemSynchronizedGroups = (
				CMD0DEVICE00000000000003 /* ChangeMeDevice */,
			);
			name = ChangeMeDevice;
			packageProductDependencies = (
			);
			productName = ChangeMeDevice;
			productReference = CMD0DEVICE00000000000001 /* ChangeMeDevice.app */;
			productType = "com.apple.product-type.application";
		};
		CMD0DEVICE00000000000006 /* ChangeMeDeviceUITests */ = {
			isa = PBXNativeTarget;
			buildConfigurationList = CMD0DEVICE00000000000010 /* Build configuration list for PBXNativeTarget "ChangeMeDeviceUITests" */;
			buildPhases = (
				CMD0DEVICE0000000000000C /* Sources */,
				CMD0DEVICE0000000000000D /* Frameworks */,
				CMD0DEVICE0000000000000E /* Resources */,
			);
			buildRules = (
			);
			dependencies = (
				CMD0DEVICE00000000000008 /* PBXTargetDependency */,
			);
			fileSystemSynchronizedGroups = (
				CMD0DEVICE00000000000004 /* ChangeMeDeviceUITests */,
			);
			name = ChangeMeDeviceUITests;
			packageProductDependencies = (
			);
			productName = ChangeMeDeviceUITests;
			productReference = CMD0DEVICE00000000000002 /* ChangeMeDeviceUITests.xctest */;
			productType = "com.apple.product-type.bundle.ui-testing";
		};
/* End PBXNativeTarget section */

/* Begin PBXProject section */
		77E6C0183011A8E500407007 /* Project object */ = {
			isa = PBXProject;
			attributes = {
				BuildIndependentTargetsInParallel = 1;
				LastSwiftUpdateCheck = 2660;
				LastUpgradeCheck = 2660;
				TargetAttributes = {
					77E6C01F3011A8E500407007 = {
						CreatedOnToolsVersion = 26.6;
					};
					77E6C02C3011A8E700407007 = {
						CreatedOnToolsVersion = 26.6;
						TestTargetID = 77E6C01F3011A8E500407007;
					};
					77E6C0363011A8E700407007 = {
						CreatedOnToolsVersion = 26.6;
						TestTargetID = 77E6C01F3011A8E500407007;
					};
					CMD0DEVICE00000000000005 = {
						CreatedOnToolsVersion = 26.6;
					};
					CMD0DEVICE00000000000006 = {
						CreatedOnToolsVersion = 26.6;
						TestTargetID = CMD0DEVICE00000000000005;
					};
				};
			};
			buildConfigurationList = 77E6C01B3011A8E500407007 /* Build configuration list for PBXProject "ChangeMe" */;
			developmentRegion = en;
			hasScannedForEncodings = 0;
			knownRegions = (
				en,
				Base,
			);
			mainGroup = 77E6C0173011A8E500407007;
			minimizedProjectReferenceProxies = 1;
			preferredProjectObjectVersion = 77;
			productRefGroup = 77E6C0213011A8E500407007 /* Products */;
			projectDirPath = "";
			projectRoot = "";
			targets = (
				77E6C01F3011A8E500407007 /* ChangeMe */,
				77E6C02C3011A8E700407007 /* ChangeMeTests */,
				77E6C0363011A8E700407007 /* ChangeMeUITests */,
				CMD0DEVICE00000000000005 /* ChangeMeDevice */,
				CMD0DEVICE00000000000006 /* ChangeMeDeviceUITests */,
			);
		};
/* End PBXProject section */

/* Begin PBXResourcesBuildPhase section */
		77E6C01E3011A8E500407007 /* Resources */ = {
			isa = PBXResourcesBuildPhase;
			buildActionMask = 2147483647;
			files = (
			);
			runOnlyForDeploymentPostprocessing = 0;
		};
		77E6C02B3011A8E700407007 /* Resources */ = {
			isa = PBXResourcesBuildPhase;
			buildActionMask = 2147483647;
			files = (
			);
			runOnlyForDeploymentPostprocessing = 0;
		};
		77E6C0353011A8E700407007 /* Resources */ = {
			isa = PBXResourcesBuildPhase;
			buildActionMask = 2147483647;
			files = (
			);
			runOnlyForDeploymentPostprocessing = 0;
		};
		CMD0DEVICE0000000000000B /* Resources */ = {
			isa = PBXResourcesBuildPhase;
			buildActionMask = 2147483647;
			files = (
			);
			runOnlyForDeploymentPostprocessing = 0;
		};
		CMD0DEVICE0000000000000E /* Resources */ = {
			isa = PBXResourcesBuildPhase;
			buildActionMask = 2147483647;
			files = (
			);
			runOnlyForDeploymentPostprocessing = 0;
		};
/* End PBXResourcesBuildPhase section */

/* Begin PBXSourcesBuildPhase section */
		77E6C01C3011A8E500407007 /* Sources */ = {
			isa = PBXSourcesBuildPhase;
			buildActionMask = 2147483647;
			files = (
			);
			runOnlyForDeploymentPostprocessing = 0;
		};
		77E6C0293011A8E700407007 /* Sources */ = {
			isa = PBXSourcesBuildPhase;
			buildActionMask = 2147483647;
			files = (
			);
			runOnlyForDeploymentPostprocessing = 0;
		};
		77E6C0333011A8E700407007 /* Sources */ = {
			isa = PBXSourcesBuildPhase;
			buildActionMask = 2147483647;
			files = (
			);
			runOnlyForDeploymentPostprocessing = 0;
		};
		CMD0DEVICE00000000000009 /* Sources */ = {
			isa = PBXSourcesBuildPhase;
			buildActionMask = 2147483647;
			files = (
			);
			runOnlyForDeploymentPostprocessing = 0;
		};
		CMD0DEVICE0000000000000C /* Sources */ = {
			isa = PBXSourcesBuildPhase;
			buildActionMask = 2147483647;
			files = (
			);
			runOnlyForDeploymentPostprocessing = 0;
		};
/* End PBXSourcesBuildPhase section */

/* Begin PBXTargetDependency section */
		77E6C02F3011A8E700407007 /* PBXTargetDependency */ = {
			isa = PBXTargetDependency;
			target = 77E6C01F3011A8E500407007 /* ChangeMe */;
			targetProxy = 77E6C02E3011A8E700407007 /* PBXContainerItemProxy */;
		};
		77E6C0393011A8E700407007 /* PBXTargetDependency */ = {
			isa = PBXTargetDependency;
			target = 77E6C01F3011A8E500407007 /* ChangeMe */;
			targetProxy = 77E6C0383011A8E700407007 /* PBXContainerItemProxy */;
		};
		CMD0DEVICE00000000000008 /* PBXTargetDependency */ = {
			isa = PBXTargetDependency;
			target = CMD0DEVICE00000000000005 /* ChangeMeDevice */;
			targetProxy = CMD0DEVICE00000000000007 /* PBXContainerItemProxy */;
		};
/* End PBXTargetDependency section */

/* Begin XCBuildConfiguration section */
		77E6C03F3011A8E700407007 /* Debug */ = {
			isa = XCBuildConfiguration;
			buildSettings = {
				ALWAYS_SEARCH_USER_PATHS = NO;
				ASSETCATALOG_COMPILER_GENERATE_SWIFT_ASSET_SYMBOL_EXTENSIONS = YES;
				CLANG_ANALYZER_NONNULL = YES;
				CLANG_ANALYZER_NUMBER_OBJECT_CONVERSION = YES_AGGRESSIVE;
				CLANG_CXX_LANGUAGE_STANDARD = "gnu++20";
				CLANG_ENABLE_MODULES = YES;
				CLANG_ENABLE_OBJC_ARC = YES;
				CLANG_ENABLE_OBJC_WEAK = YES;
				CLANG_WARN_BLOCK_CAPTURE_AUTORELEASING = YES;
				CLANG_WARN_BOOL_CONVERSION = YES;
				CLANG_WARN_COMMA = YES;
				CLANG_WARN_CONSTANT_CONVERSION = YES;
				CLANG_WARN_DEPRECATED_OBJC_IMPLEMENTATIONS = YES;
				CLANG_WARN_DIRECT_OBJC_ISA_USAGE = YES_ERROR;
				CLANG_WARN_DOCUMENTATION_COMMENTS = YES;
				CLANG_WARN_EMPTY_BODY = YES;
				CLANG_WARN_ENUM_CONVERSION = YES;
				CLANG_WARN_INFINITE_RECURSION = YES;
				CLANG_WARN_INT_CONVERSION = YES;
				CLANG_WARN_NON_LITERAL_NULL_CONVERSION = YES;
				CLANG_WARN_OBJC_IMPLICIT_RETAIN_SELF = YES;
				CLANG_WARN_OBJC_LITERAL_CONVERSION = YES;
				CLANG_WARN_OBJC_ROOT_CLASS = YES_ERROR;
				CLANG_WARN_QUOTED_INCLUDE_IN_FRAMEWORK_HEADER = YES;
				CLANG_WARN_RANGE_LOOP_ANALYSIS = YES;
				CLANG_WARN_STRICT_PROTOTYPES = YES;
				CLANG_WARN_SUSPICIOUS_MOVE = YES;
				CLANG_WARN_UNGUARDED_AVAILABILITY = YES_AGGRESSIVE;
				CLANG_WARN_UNREACHABLE_CODE = YES;
				CLANG_WARN__DUPLICATE_METHOD_MATCH = YES;
				COPY_PHASE_STRIP = NO;
				DEBUG_INFORMATION_FORMAT = dwarf;
				ENABLE_STRICT_OBJC_MSGSEND = YES;
				ENABLE_TESTABILITY = YES;
				ENABLE_USER_SCRIPT_SANDBOXING = YES;
				GCC_C_LANGUAGE_STANDARD = gnu17;
				GCC_DYNAMIC_NO_PIC = NO;
				GCC_NO_COMMON_BLOCKS = YES;
				GCC_OPTIMIZATION_LEVEL = 0;
				GCC_PREPROCESSOR_DEFINITIONS = (
					"DEBUG=1",
					"$(inherited)",
				);
				GCC_WARN_64_TO_32_BIT_CONVERSION = YES;
				GCC_WARN_ABOUT_RETURN_TYPE = YES_ERROR;
				GCC_WARN_UNDECLARED_SELECTOR = YES;
				GCC_WARN_UNINITIALIZED_AUTOS = YES_AGGRESSIVE;
				GCC_WARN_UNUSED_FUNCTION = YES;
				GCC_WARN_UNUSED_VARIABLE = YES;
				LOCALIZATION_PREFERS_STRING_CATALOGS = YES;
				MACOSX_DEPLOYMENT_TARGET = 26.5;
				MTL_ENABLE_DEBUG_INFO = INCLUDE_SOURCE;
				MTL_FAST_MATH = YES;
				ONLY_ACTIVE_ARCH = YES;
				SDKROOT = macosx;
				SWIFT_ACTIVE_COMPILATION_CONDITIONS = "DEBUG $(inherited)";
				SWIFT_OPTIMIZATION_LEVEL = "-Onone";
			};
			name = Debug;
		};
		77E6C0403011A8E700407007 /* Release */ = {
			isa = XCBuildConfiguration;
			buildSettings = {
				ALWAYS_SEARCH_USER_PATHS = NO;
				ASSETCATALOG_COMPILER_GENERATE_SWIFT_ASSET_SYMBOL_EXTENSIONS = YES;
				CLANG_ANALYZER_NONNULL = YES;
				CLANG_ANALYZER_NUMBER_OBJECT_CONVERSION = YES_AGGRESSIVE;
				CLANG_CXX_LANGUAGE_STANDARD = "gnu++20";
				CLANG_ENABLE_MODULES = YES;
				CLANG_ENABLE_OBJC_ARC = YES;
				CLANG_ENABLE_OBJC_WEAK = YES;
				CLANG_WARN_BLOCK_CAPTURE_AUTORELEASING = YES;
				CLANG_WARN_BOOL_CONVERSION = YES;
				CLANG_WARN_COMMA = YES;
				CLANG_WARN_CONSTANT_CONVERSION = YES;
				CLANG_WARN_DEPRECATED_OBJC_IMPLEMENTATIONS = YES;
				CLANG_WARN_DIRECT_OBJC_ISA_USAGE = YES_ERROR;
				CLANG_WARN_DOCUMENTATION_COMMENTS = YES;
				CLANG_WARN_EMPTY_BODY = YES;
				CLANG_WARN_ENUM_CONVERSION = YES;
				CLANG_WARN_INFINITE_RECURSION = YES;
				CLANG_WARN_INT_CONVERSION = YES;
				CLANG_WARN_NON_LITERAL_NULL_CONVERSION = YES;
				CLANG_WARN_OBJC_IMPLICIT_RETAIN_SELF = YES;
				CLANG_WARN_OBJC_LITERAL_CONVERSION = YES;
				CLANG_WARN_OBJC_ROOT_CLASS = YES_ERROR;
				CLANG_WARN_QUOTED_INCLUDE_IN_FRAMEWORK_HEADER = YES;
				CLANG_WARN_RANGE_LOOP_ANALYSIS = YES;
				CLANG_WARN_STRICT_PROTOTYPES = YES;
				CLANG_WARN_SUSPICIOUS_MOVE = YES;
				CLANG_WARN_UNGUARDED_AVAILABILITY = YES_AGGRESSIVE;
				CLANG_WARN_UNREACHABLE_CODE = YES;
				CLANG_WARN__DUPLICATE_METHOD_MATCH = YES;
				COPY_PHASE_STRIP = NO;
				DEBUG_INFORMATION_FORMAT = "dwarf-with-dsym";
				ENABLE_NS_ASSERTIONS = NO;
				ENABLE_STRICT_OBJC_MSGSEND = YES;
				ENABLE_USER_SCRIPT_SANDBOXING = YES;
				GCC_C_LANGUAGE_STANDARD = gnu17;
				GCC_NO_COMMON_BLOCKS = YES;
				GCC_WARN_64_TO_32_BIT_CONVERSION = YES;
				GCC_WARN_ABOUT_RETURN_TYPE = YES_ERROR;
				GCC_WARN_UNDECLARED_SELECTOR = YES;
				GCC_WARN_UNINITIALIZED_AUTOS = YES_AGGRESSIVE;
				GCC_WARN_UNUSED_FUNCTION = YES;
				GCC_WARN_UNUSED_VARIABLE = YES;
				LOCALIZATION_PREFERS_STRING_CATALOGS = YES;
				MACOSX_DEPLOYMENT_TARGET = 26.5;
				MTL_ENABLE_DEBUG_INFO = NO;
				MTL_FAST_MATH = YES;
				SDKROOT = macosx;
				SWIFT_COMPILATION_MODE = wholemodule;
			};
			name = Release;
		};
		77E6C0423011A8E700407007 /* Debug */ = {
			isa = XCBuildConfiguration;
			buildSettings = {
				ASSETCATALOG_COMPILER_APPICON_NAME = AppIcon;
				ASSETCATALOG_COMPILER_GLOBAL_ACCENT_COLOR_NAME = AccentColor;
				CODE_SIGN_STYLE = Automatic;
				COMBINE_HIDPI_IMAGES = YES;
				CURRENT_PROJECT_VERSION = 1;
				ENABLE_APP_SANDBOX = NO;
				ENABLE_HARDENED_RUNTIME = YES;
				ENABLE_PREVIEWS = YES;
				GENERATE_INFOPLIST_FILE = YES;
				INFOPLIST_KEY_NSBonjourServices = "_changeme-loc._tcp";
				INFOPLIST_KEY_NSHumanReadableCopyright = "";
				INFOPLIST_KEY_NSLocalNetworkUsageDescription = "ChangeMe hosts a local developer location session that the physical iPhone UITest runner connects to over your LAN.";
				INFOPLIST_KEY_NSLocationUsageDescription = "ChangeMe uses your location to center the map on your current location.";
				INFOPLIST_KEY_NSLocationWhenInUseUsageDescription = "ChangeMe uses your location to center the map on your current location.";
				LD_RUNPATH_SEARCH_PATHS = (
					"$(inherited)",
					"@executable_path/../Frameworks",
				);
				MARKETING_VERSION = 1.0;
				PRODUCT_BUNDLE_IDENTIFIER = WessoBesso.ChangeMe;
				PRODUCT_NAME = "$(TARGET_NAME)";
				REGISTER_APP_GROUPS = YES;
				STRING_CATALOG_GENERATE_SYMBOLS = YES;
				SWIFT_APPROACHABLE_CONCURRENCY = YES;
				SWIFT_DEFAULT_ACTOR_ISOLATION = MainActor;
				SWIFT_EMIT_LOC_STRINGS = YES;
				SWIFT_UPCOMING_FEATURE_MEMBER_IMPORT_VISIBILITY = YES;
				SWIFT_VERSION = 5.0;
			};
			name = Debug;
		};
		77E6C0433011A8E700407007 /* Release */ = {
			isa = XCBuildConfiguration;
			buildSettings = {
				ASSETCATALOG_COMPILER_APPICON_NAME = AppIcon;
				ASSETCATALOG_COMPILER_GLOBAL_ACCENT_COLOR_NAME = AccentColor;
				CODE_SIGN_STYLE = Automatic;
				COMBINE_HIDPI_IMAGES = YES;
				CURRENT_PROJECT_VERSION = 1;
				ENABLE_APP_SANDBOX = NO;
				ENABLE_HARDENED_RUNTIME = YES;
				ENABLE_PREVIEWS = YES;
				GENERATE_INFOPLIST_FILE = YES;
				INFOPLIST_KEY_NSBonjourServices = "_changeme-loc._tcp";
				INFOPLIST_KEY_NSHumanReadableCopyright = "";
				INFOPLIST_KEY_NSLocalNetworkUsageDescription = "ChangeMe hosts a local developer location session that the physical iPhone UITest runner connects to over your LAN.";
				INFOPLIST_KEY_NSLocationUsageDescription = "ChangeMe uses your location to center the map on your current location.";
				INFOPLIST_KEY_NSLocationWhenInUseUsageDescription = "ChangeMe uses your location to center the map on your current location.";
				LD_RUNPATH_SEARCH_PATHS = (
					"$(inherited)",
					"@executable_path/../Frameworks",
				);
				MARKETING_VERSION = 1.0;
				PRODUCT_BUNDLE_IDENTIFIER = WessoBesso.ChangeMe;
				PRODUCT_NAME = "$(TARGET_NAME)";
				REGISTER_APP_GROUPS = YES;
				STRING_CATALOG_GENERATE_SYMBOLS = YES;
				SWIFT_APPROACHABLE_CONCURRENCY = YES;
				SWIFT_DEFAULT_ACTOR_ISOLATION = MainActor;
				SWIFT_EMIT_LOC_STRINGS = YES;
				SWIFT_UPCOMING_FEATURE_MEMBER_IMPORT_VISIBILITY = YES;
				SWIFT_VERSION = 5.0;
			};
			name = Release;
		};
		77E6C0453011A8E700407007 /* Debug */ = {
			isa = XCBuildConfiguration;
			buildSettings = {
				BUNDLE_LOADER = "$(TEST_HOST)";
				CODE_SIGN_STYLE = Automatic;
				CURRENT_PROJECT_VERSION = 1;
				GENERATE_INFOPLIST_FILE = YES;
				MACOSX_DEPLOYMENT_TARGET = 26.5;
				MARKETING_VERSION = 1.0;
				PRODUCT_BUNDLE_IDENTIFIER = WessoBesso.ChangeMeTests;
				PRODUCT_NAME = "$(TARGET_NAME)";
				STRING_CATALOG_GENERATE_SYMBOLS = NO;
				SWIFT_APPROACHABLE_CONCURRENCY = YES;
				SWIFT_EMIT_LOC_STRINGS = NO;
				SWIFT_UPCOMING_FEATURE_MEMBER_IMPORT_VISIBILITY = YES;
				SWIFT_VERSION = 5.0;
				TEST_HOST = "$(BUILT_PRODUCTS_DIR)/ChangeMe.app/$(BUNDLE_EXECUTABLE_FOLDER_PATH)/ChangeMe";
			};
			name = Debug;
		};
		77E6C0463011A8E700407007 /* Release */ = {
			isa = XCBuildConfiguration;
			buildSettings = {
				BUNDLE_LOADER = "$(TEST_HOST)";
				CODE_SIGN_STYLE = Automatic;
				CURRENT_PROJECT_VERSION = 1;
				GENERATE_INFOPLIST_FILE = YES;
				MACOSX_DEPLOYMENT_TARGET = 26.5;
				MARKETING_VERSION = 1.0;
				PRODUCT_BUNDLE_IDENTIFIER = WessoBesso.ChangeMeTests;
				PRODUCT_NAME = "$(TARGET_NAME)";
				STRING_CATALOG_GENERATE_SYMBOLS = NO;
				SWIFT_APPROACHABLE_CONCURRENCY = YES;
				SWIFT_EMIT_LOC_STRINGS = NO;
				SWIFT_UPCOMING_FEATURE_MEMBER_IMPORT_VISIBILITY = YES;
				SWIFT_VERSION = 5.0;
				TEST_HOST = "$(BUILT_PRODUCTS_DIR)/ChangeMe.app/$(BUNDLE_EXECUTABLE_FOLDER_PATH)/ChangeMe";
			};
			name = Release;
		};
		77E6C0483011A8E700407007 /* Debug */ = {
			isa = XCBuildConfiguration;
			buildSettings = {
				CODE_SIGN_STYLE = Automatic;
				CURRENT_PROJECT_VERSION = 1;
				GENERATE_INFOPLIST_FILE = YES;
				MARKETING_VERSION = 1.0;
				PRODUCT_BUNDLE_IDENTIFIER = WessoBesso.ChangeMeUITests;
				PRODUCT_NAME = "$(TARGET_NAME)";
				STRING_CATALOG_GENERATE_SYMBOLS = NO;
				SWIFT_APPROACHABLE_CONCURRENCY = YES;
				SWIFT_EMIT_LOC_STRINGS = NO;
				SWIFT_UPCOMING_FEATURE_MEMBER_IMPORT_VISIBILITY = YES;
				SWIFT_VERSION = 5.0;
				TEST_TARGET_NAME = ChangeMe;
			};
			name = Debug;
		};
		77E6C0493011A8E700407007 /* Release */ = {
			isa = XCBuildConfiguration;
			buildSettings = {
				CODE_SIGN_STYLE = Automatic;
				CURRENT_PROJECT_VERSION = 1;
				GENERATE_INFOPLIST_FILE = YES;
				MARKETING_VERSION = 1.0;
				PRODUCT_BUNDLE_IDENTIFIER = WessoBesso.ChangeMeUITests;
				PRODUCT_NAME = "$(TARGET_NAME)";
				STRING_CATALOG_GENERATE_SYMBOLS = NO;
				SWIFT_APPROACHABLE_CONCURRENCY = YES;
				SWIFT_EMIT_LOC_STRINGS = NO;
				SWIFT_UPCOMING_FEATURE_MEMBER_IMPORT_VISIBILITY = YES;
				SWIFT_VERSION = 5.0;
				TEST_TARGET_NAME = ChangeMe;
			};
			name = Release;
		};
		CMD0DEVICE00000000000011 /* Debug */ = {
			isa = XCBuildConfiguration;
			buildSettings = {
				ASSETCATALOG_COMPILER_APPICON_NAME = AppIcon;
				ASSETCATALOG_COMPILER_GLOBAL_ACCENT_COLOR_NAME = AccentColor;
				CODE_SIGN_STYLE = Automatic;
				CURRENT_PROJECT_VERSION = 1;
				DEVELOPMENT_TEAM = GCT544ZP6J;
				ENABLE_PREVIEWS = YES;
				GENERATE_INFOPLIST_FILE = YES;
				INFOPLIST_KEY_NSLocationWhenInUseUsageDescription = "ChangeMeDevice displays the CoreLocation coordinate received during a developer location session.";
				INFOPLIST_KEY_UIApplicationSceneManifest_Generation = YES;
				INFOPLIST_KEY_UILaunchScreen_Generation = YES;
				INFOPLIST_KEY_UISupportedInterfaceOrientations = UIInterfaceOrientationPortrait;
				IPHONEOS_DEPLOYMENT_TARGET = 17.0;
				LD_RUNPATH_SEARCH_PATHS = (
					"$(inherited)",
					"@executable_path/Frameworks",
				);
				MARKETING_VERSION = 1.0;
				PRODUCT_BUNDLE_IDENTIFIER = WessoBesso.ChangeMeDevice;
				PRODUCT_NAME = "$(TARGET_NAME)";
				SDKROOT = iphoneos;
				STRING_CATALOG_GENERATE_SYMBOLS = YES;
				SUPPORTED_PLATFORMS = "iphoneos iphonesimulator";
				SUPPORTS_MACCATALYST = NO;
				SWIFT_APPROACHABLE_CONCURRENCY = YES;
				SWIFT_DEFAULT_ACTOR_ISOLATION = MainActor;
				SWIFT_EMIT_LOC_STRINGS = YES;
				SWIFT_VERSION = 5.0;
				TARGETED_DEVICE_FAMILY = 1;
			};
			name = Debug;
		};
		CMD0DEVICE00000000000012 /* Release */ = {
			isa = XCBuildConfiguration;
			buildSettings = {
				ASSETCATALOG_COMPILER_APPICON_NAME = AppIcon;
				ASSETCATALOG_COMPILER_GLOBAL_ACCENT_COLOR_NAME = AccentColor;
				CODE_SIGN_STYLE = Automatic;
				CURRENT_PROJECT_VERSION = 1;
				DEVELOPMENT_TEAM = GCT544ZP6J;
				ENABLE_PREVIEWS = YES;
				GENERATE_INFOPLIST_FILE = YES;
				INFOPLIST_KEY_NSLocationWhenInUseUsageDescription = "ChangeMeDevice displays the CoreLocation coordinate received during a developer location session.";
				INFOPLIST_KEY_UIApplicationSceneManifest_Generation = YES;
				INFOPLIST_KEY_UILaunchScreen_Generation = YES;
				INFOPLIST_KEY_UISupportedInterfaceOrientations = UIInterfaceOrientationPortrait;
				IPHONEOS_DEPLOYMENT_TARGET = 17.0;
				LD_RUNPATH_SEARCH_PATHS = (
					"$(inherited)",
					"@executable_path/Frameworks",
				);
				MARKETING_VERSION = 1.0;
				PRODUCT_BUNDLE_IDENTIFIER = WessoBesso.ChangeMeDevice;
				PRODUCT_NAME = "$(TARGET_NAME)";
				SDKROOT = iphoneos;
				STRING_CATALOG_GENERATE_SYMBOLS = YES;
				SUPPORTED_PLATFORMS = "iphoneos iphonesimulator";
				SUPPORTS_MACCATALYST = NO;
				SWIFT_APPROACHABLE_CONCURRENCY = YES;
				SWIFT_DEFAULT_ACTOR_ISOLATION = MainActor;
				SWIFT_EMIT_LOC_STRINGS = YES;
				SWIFT_VERSION = 5.0;
				TARGETED_DEVICE_FAMILY = 1;
				VALIDATE_PRODUCT = YES;
			};
			name = Release;
		};
		CMD0DEVICE00000000000013 /* Debug */ = {
			isa = XCBuildConfiguration;
			buildSettings = {
				CODE_SIGN_STYLE = Automatic;
				CURRENT_PROJECT_VERSION = 1;
				DEVELOPMENT_TEAM = GCT544ZP6J;
				GENERATE_INFOPLIST_FILE = YES;
				INFOPLIST_KEY_NSLocalNetworkUsageDescription = "ChangeMeDevice UITests connect to the ChangeMe Mac app over your local network to keep a developer location session alive.";
				IPHONEOS_DEPLOYMENT_TARGET = 17.0;
				MARKETING_VERSION = 1.0;
				PRODUCT_BUNDLE_IDENTIFIER = WessoBesso.ChangeMeDeviceUITests;
				PRODUCT_NAME = "$(TARGET_NAME)";
				SDKROOT = iphoneos;
				STRING_CATALOG_GENERATE_SYMBOLS = NO;
				SUPPORTED_PLATFORMS = "iphoneos iphonesimulator";
				SWIFT_APPROACHABLE_CONCURRENCY = YES;
				SWIFT_EMIT_LOC_STRINGS = NO;
				SWIFT_VERSION = 5.0;
				TARGETED_DEVICE_FAMILY = 1;
				TEST_TARGET_NAME = ChangeMeDevice;
			};
			name = Debug;
		};
		CMD0DEVICE00000000000014 /* Release */ = {
			isa = XCBuildConfiguration;
			buildSettings = {
				CODE_SIGN_STYLE = Automatic;
				CURRENT_PROJECT_VERSION = 1;
				DEVELOPMENT_TEAM = GCT544ZP6J;
				GENERATE_INFOPLIST_FILE = YES;
				INFOPLIST_KEY_NSLocalNetworkUsageDescription = "ChangeMeDevice UITests connect to the ChangeMe Mac app over your local network to keep a developer location session alive.";
				IPHONEOS_DEPLOYMENT_TARGET = 17.0;
				MARKETING_VERSION = 1.0;
				PRODUCT_BUNDLE_IDENTIFIER = WessoBesso.ChangeMeDeviceUITests;
				PRODUCT_NAME = "$(TARGET_NAME)";
				SDKROOT = iphoneos;
				STRING_CATALOG_GENERATE_SYMBOLS = NO;
				SUPPORTED_PLATFORMS = "iphoneos iphonesimulator";
				SWIFT_APPROACHABLE_CONCURRENCY = YES;
				SWIFT_EMIT_LOC_STRINGS = NO;
				SWIFT_VERSION = 5.0;
				TARGETED_DEVICE_FAMILY = 1;
				TEST_TARGET_NAME = ChangeMeDevice;
			};
			name = Release;
		};
/* End XCBuildConfiguration section */

/* Begin XCConfigurationList section */
		77E6C01B3011A8E500407007 /* Build configuration list for PBXProject "ChangeMe" */ = {
			isa = XCConfigurationList;
			buildConfigurations = (
				77E6C03F3011A8E700407007 /* Debug */,
				77E6C0403011A8E700407007 /* Release */,
			);
			defaultConfigurationIsVisible = 0;
			defaultConfigurationName = Release;
		};
		77E6C0413011A8E700407007 /* Build configuration list for PBXNativeTarget "ChangeMe" */ = {
			isa = XCConfigurationList;
			buildConfigurations = (
				77E6C0423011A8E700407007 /* Debug */,
				77E6C0433011A8E700407007 /* Release */,
			);
			defaultConfigurationIsVisible = 0;
			defaultConfigurationName = Release;
		};
		77E6C0443011A8E700407007 /* Build configuration list for PBXNativeTarget "ChangeMeTests" */ = {
			isa = XCConfigurationList;
			buildConfigurations = (
				77E6C0453011A8E700407007 /* Debug */,
				77E6C0463011A8E700407007 /* Release */,
			);
			defaultConfigurationIsVisible = 0;
			defaultConfigurationName = Release;
		};
		77E6C0473011A8E700407007 /* Build configuration list for PBXNativeTarget "ChangeMeUITests" */ = {
			isa = XCConfigurationList;
			buildConfigurations = (
				77E6C0483011A8E700407007 /* Debug */,
				77E6C0493011A8E700407007 /* Release */,
			);
			defaultConfigurationIsVisible = 0;
			defaultConfigurationName = Release;
		};
		CMD0DEVICE0000000000000F /* Build configuration list for PBXNativeTarget "ChangeMeDevice" */ = {
			isa = XCConfigurationList;
			buildConfigurations = (
				CMD0DEVICE00000000000011 /* Debug */,
				CMD0DEVICE00000000000012 /* Release */,
			);
			defaultConfigurationIsVisible = 0;
			defaultConfigurationName = Release;
		};
		CMD0DEVICE00000000000010 /* Build configuration list for PBXNativeTarget "ChangeMeDeviceUITests" */ = {
			isa = XCConfigurationList;
			buildConfigurations = (
				CMD0DEVICE00000000000013 /* Debug */,
				CMD0DEVICE00000000000014 /* Release */,
			);
			defaultConfigurationIsVisible = 0;
			defaultConfigurationName = Release;
		};
/* End XCConfigurationList section */
	};
	rootObject = 77E6C0183011A8E500407007 /* Project object */;
}
